version = 1
revision = 3
requires-python = ">=3.13"

[[package]]
name = "prek"
version = "0.3.12"
source = { registry = "https://pypi.org/simple" }
sdist = { url = "https://files.pythonhosted.org/packages/c2/f4/61aab2744ea2351b540d6fcfaf8a7af337a051f9e363c4df0d866979946e/prek-0.3.12.tar.gz", hash = "sha256:3689dbb8fbd6965bdbf3331d51d01d2569c768f35b6975ddba144cceb8e9d7cc", size = 444157, upload-time = "2026-05-05T08:02:46.606Z" }
wheels = [
    { url = "https://files.pythonhosted.org/packages/12/33/62ec2bb71557dc2b36013cbc69e1f06804e9b0c8c5591579aef0bb7faca2/prek-0.3.12-py3-none-linux_armv6l.whl", hash = "sha256:101ee75f37969fa473db9c56a7b9b0b77f292b6b1165ec272ce58f276f8f855e", size = 5506851, upload-time = "2026-05-05T08:02:38.354Z" },
    { url = "https://files.pythonhosted.org/packages/c1/4b/a4e96d3ecd706cc653b021ea18818ee46b1a057292d9e472f9089e105fe1/prek-0.3.12-py3-none-macosx_10_12_x86_64.whl", hash = "sha256:10beb600d6b88435197fa789d38bd25de0bdcbecd7ee832d9c68766b29de17f3", size = 5875401, upload-time = "2026-05-05T08:02:50.023Z" },
    { url = "https://files.pythonhosted.org/packages/d4/89/e588aef5162060e3e6f85108df6cdc966bf01022ece02ce65b78eaa5b184/prek-0.3.12-py3-none-macosx_11_0_arm64.whl", hash = "sha256:52d40914d769c6abfd17db7d29a71052fa3dcec02ac31c9698cc4a861dfbbe87", size = 5439832, upload-time = "2026-05-05T08:02:40.456Z" },
    { url = "https://files.pythonhosted.org/packages/5d/ca/68c1839ceed0ca515e6c5f446145b1fd08823435b87a8e35255915fd53d5/prek-0.3.12-py3-none-manylinux_2_17_aarch64.manylinux2014_aarch64.musllinux_1_1_aarch64.whl", hash = "sha256:51f9f08b7f55047d25f272bd9d9ff8ce9ca5781076d3e25f9554e65d0419bd93", size = 5690450, upload-time = "2026-05-05T08:02:44.798Z" },
    { url = "https://files.pythonhosted.org/packages/5e/f3/56c92fff94626cfb2b3da3e00d3b4eaaa9207921ce547b15df013795dfec/prek-0.3.12-py3-none-manylinux_2_17_armv7l.manylinux2014_armv7l.whl", hash = "sha256:ca8b808df8d03f087af3a6ea3cc773cc2462dd5bac55d1521d6b5757de953ae5", size = 5427473, upload-time = "2026-05-05T08:02:42.817Z" },
    { url = "https://files.pythonhosted.org/packages/15/52/fbca8ea00b0f22bb3bd8e747d1b7bb4d406efd0174de9c8d128a5a38037a/prek-0.3.12-py3-none-manylinux_2_17_i686.manylinux2014_i686.whl", hash = "sha256:d96ff46b18869d9f576821b51feffd4a7f12d7d68f9d705e761b47c1b1f35854", size = 5824355, upload-time = "2026-05-05T08:02:59.249Z" },
    { url = "https://files.pythonhosted.org/packages/68/60/70f39cc9ee99cb893888f093557ba751950629a71f7affc76df6597a7581/prek-0.3.12-py3-none-manylinux_2_17_s390x.manylinux2014_s390x.whl", hash = "sha256:8a52b5582ed0ac303f822edbd8858768a8658c9357896c22abeefdbbcaf533d6", size = 6704701, upload-time = "2026-05-05T08:03:02.832Z" },
    { url = "https://files.pythonhosted.org/packages/a7/8d/5bd251245c3760425fe67b83d37a10c34d7c9121660a6d97bffbedd14606/prek-0.3.12-py3-none-manylinux_2_17_x86_64.manylinux2014_x86_64.whl", hash = "sha256:52a3e068e634931139e99c7fb73bdca94b9d0fbac0800ef8d6bba3b09c66017f", size = 6096089, upload-time = "2026-05-05T08:02:52.141Z" },
    { url = "https://files.pythonhosted.org/packages/31/f9/5cd5943e816616f64a5e386a9d067384713e683861e0f1ced72d0202e7d1/prek-0.3.12-py3-none-manylinux_2_28_aarch64.whl", hash = "sha256:e7ffee5b5cb98608c582907943d7bbbcba896e42a95d52e99967691cd06aca60", size = 5695265, upload-time = "2026-05-05T08:02:55.745Z" },
    { url = "https://files.pythonhosted.org/packages/34/5a/c2917b7eaffa421409ab240779c3a0a5f08799529e1b6ef2ac893f1b6d76/prek-0.3.12-py3-none-manylinux_2_31_riscv64.whl", hash = "sha256:c5bd4d994b2d50f416d0d3a281ede833be4b01fb5d9b6d014b2bde601575f000", size = 5534058, upload-time = "2026-05-05T08:02:34.083Z" },
    { url = "https://files.pythonhosted.org/packages/60/87/debce103f0d044d799e698ceab879307d25eaff168756c189e9d07008eae/prek-0.3.12-py3-none-musllinux_1_1_armv7l.whl", hash = "sha256:7c8dd0d001f5964af968f9400adfafec86d0dffedcd9b063a2d48835e93337b4", size = 5398261, upload-time = "2026-05-05T08:02:57.472Z" },
    { url = "https://files.pythonhosted.org/packages/8d/d3/f69f635692235e0f333db090905fa6b91066d6aba91fac9f960f1fe67ad9/prek-0.3.12-py3-none-musllinux_1_1_i686.whl", hash = "sha256:de153a92862df2a17dbce62d1728174a68ea899305cbc076e2cccef2282b2c22", size = 5680722, upload-time = "2026-05-05T08:03:04.459Z" },
    { url = "https://files.pythonhosted.org/packages/8f/ce/b66be3f5a34892883ba95bd59ba3e85ebcb237da343d01332c1fd4062600/prek-0.3.12-py3-none-musllinux_1_1_x86_64.whl", hash = "sha256:244d43e265b6cb7fbb3507daadb03cfc149aa96944d354dbde0c63ee034fb1f5", size = 6211391, upload-time = "2026-05-05T08:02:53.804Z" },
    { url = "https://files.pythonhosted.org/packages/d6/c6/5731776ac686fed14bc5f4460db203f221a7f0582030be1ae201496a416a/prek-0.3.12-py3-none-win32.whl", hash = "sha256:237ad8b64deb653e8bb90471b17643fc0827108cac949d677a53c98a58cff97b", size = 5201353, upload-time = "2026-05-05T08:02:48.302Z" },
    { url = "https://files.pythonhosted.org/packages/64/a9/42aa3f6fbfe40ec39e0e6d0b8a3fbc3232dc18a5ced1541f63012f45d6ad/prek-0.3.12-py3-none-win_amd64.whl", hash = "sha256:1b2350fbd08ef81e5a214df87eb9cc826ed5ab59f70991e1ea41947504788de1", size = 5590515, upload-time = "2026-05-05T08:03:00.889Z" },
    { url = "https://files.pythonhosted.org/packages/37/aa/d2dbb67f34ddb4c177a298812ac93e3019f0a0d26577730997bc46b2d7bd/prek-0.3.12-py3-none-win_arm64.whl", hash = "sha256:634258f1610cfcbbbd0115acb06371ed0653730b6d5c6faa13991b77af2ebb31", size = 5415978, upload-time = "2026-05-05T08:02:36.263Z" },
]

[[package]]
name = "project-name"
version = "0.1.0"
source = { virtual = "." }

[package.dev-dependencies]
dev = [
    { name = "prek" },
    { name = "ruff" },
]
lint = [
    { name = "ruff" },
]

[package.metadata]

[package.metadata.requires-dev]
dev = [
    { name = "prek", specifier = ">=0.3.0" },
    { name = "ruff", specifier = ">=0.11.13" },
]
lint = [{ name = "ruff", specifier = ">=0.11.13" }]

[[package]]
name = "ruff"
version = "0.15.12"
source = { registry = "https://pypi.org/simple" }
sdist = { url = "https://files.pythonhosted.org/packages/99/43/3291f1cc9106f4c63bdce7a8d0df5047fe8422a75b091c16b5e9355e0b11/ruff-0.15.12.tar.gz", hash = "sha256:ecea26adb26b4232c0c2ca19ccbc0083a68344180bba2a600605538ce51a40a6", size = 4643852, upload-time = "2026-04-24T18:17:14.305Z" }
wheels = [
    { url = "https://files.pythonhosted.org/packages/c3/6e/e78ffb61d4686f3d96ba3df2c801161843746dcbcbb17a1e927d4829312b/ruff-0.15.12-py3-none-linux_armv6l.whl", hash = "sha256:f86f176e188e94d6bdbc09f09bfd9dc729059ad93d0e7390b5a73efe19f8861c", size = 10640713, upload-time = "2026-04-24T18:17:22.841Z" },
    { url = "https://files.pythonhosted.org/packages/ae/08/a317bc231fb9e7b93e4ef3089501e51922ff88d6936ce5cf870c4fe55419/ruff-0.15.12-py3-none-macosx_10_12_x86_64.whl", hash = "sha256:e3bcd123364c3770b8e1b7baaf343cc99a35f197c5c6e8af79015c666c423a6c", size = 11069267, upload-time = "2026-04-24T18:17:30.105Z" },
    { url = "https://files.pythonhosted.org/packages/aa/a4/f828e9718d3dce1f5f11c39c4f65afd32783c8b2aebb2e3d259e492c47bd/ruff-0.15.12-py3-none-macosx_11_0_arm64.whl", hash = "sha256:fe87510d000220aa1ed530d4448a7c696a0cae1213e5ec30e5874287b66557b5", size = 10397182, upload-time = "2026-04-24T18:17:07.177Z" },
    { url = "https://files.pythonhosted.org/packages/71/e0/3310fc6d1b5e1fdea22bf3b1b807c7e187b581021b0d7d4514cccdb5fb71/ruff-0.15.12-py3-none-manylinux_2_17_aarch64.manylinux2014_aarch64.whl", hash = "sha256:84a1630093121375a3e2a95b4a6dc7b59e2b4ee76216e32d81aae550a832d002", size = 10758012, upload-time = "2026-04-24T18:16:55.759Z" },
    { url = "https://files.pythonhosted.org/packages/11/c1/a606911aee04c324ddaa883ae418f3569792fd3c4a10c50e0dd0a2311e1e/ruff-0.15.12-py3-none-manylinux_2_17_armv7l.manylinux2014_armv7l.whl", hash = "sha256:fb129f40f114f089ebe0ca56c0d251cf2061b17651d464bb6478dc01e69f11f5", size = 10447479, upload-time = "2026-04-24T18:16:51.677Z" },
    { url = "https://files.pythonhosted.org/packages/9d/68/4201e8444f0894f21ab4aeeaee68aa4f10b51613514a20d80bd628d57e88/ruff-0.15.12-py3-none-manylinux_2_17_i686.manylinux2014_i686.whl", hash = "sha256:b0c862b172d695db7598426b8af465e7e9ac00a3ea2a3630ee67eb82e366aaa6", size = 11234040, upload-time = "2026-04-24T18:17:16.529Z" },
    { url = "https://files.pythonhosted.org/packages/34/ff/8a6d6cf4ccc23fd67060874e832c18919d1557a0611ebef03fdb01fff11e/ruff-0.15.12-py3-none-manylinux_2_17_ppc64le.manylinux2014_ppc64le.whl", hash = "sha256:2849ea9f3484c3aca43a82f484210370319e7170df4dfe4843395ddf6c57bc33", size = 12087377, upload-time = "2026-04-24T18:17:04.944Z" },
    { url = "https://files.pythonhosted.org/packages/85/f6/c669cf73f5152f623d34e69866a46d5e6185816b19fcd5b6dd8a2d299922/ruff-0.15.12-py3-none-manylinux_2_17_s390x.manylinux2014_s390x.whl", hash = "sha256:9e77c7e51c07fe396826d5969a5b846d9cd4c402535835fb6e21ce8b28fef847", size = 11367784, upload-time = "2026-04-24T18:17:25.409Z" },
    { url = "https://files.pythonhosted.org/packages/e8/39/c61d193b8a1daaa8977f7dea9e8d8ba866e02ea7b65d32f6861693aa4c12/ruff-0.15.12-py3-none-manylinux_2_17_x86_64.manylinux2014_x86_64.whl", hash = "sha256:83b2f4f2f3b1026b5fb449b467d9264bf22067b600f7b6f41fc5958909f449d0", size = 11344088, upload-time = "2026-04-24T18:17:12.258Z" },
    { url = "https://files.pythonhosted.org/packages/c2/8d/49afab3645e31e12c590acb6d3b5b69d7aab5b81926dbaf7461f9441f37a/ruff-0.15.12-py3-none-manylinux_2_31_riscv64.whl", hash = "sha256:9ba3b8f1afd7e2e43d8943e55f249e13f9682fde09711644a6e7290eb4f3e339", size = 11271770, upload-time = "2026-04-24T18:17:02.457Z" },
    { url = "https://files.pythonhosted.org/packages/46/06/33f41fe94403e2b755481cdfb9b7ef3e4e0ed031c4581124658d935d52b4/ruff-0.15.12-py3-none-musllinux_1_2_aarch64.whl", hash = "sha256:e852ba9fdc890655e1d78f2df1499efbe0e54126bd405362154a75e2bde159c5", size = 10719355, upload-time = "2026-04-24T18:17:27.648Z" },
    { url = "https://files.pythonhosted.org/packages/0d/59/18aa4e014debbf559670e4048e39260a85c7fcee84acfd761ac01e7b8d35/ruff-0.15.12-py3-none-musllinux_1_2_armv7l.whl", hash = "sha256:dd8aed930da53780d22fc70bdf84452c843cf64f8cb4eb38984319c24c5cd5fd", size = 10462758, upload-time = "2026-04-24T18:17:32.347Z" },
    { url = "https://files.pythonhosted.org/packages/25/e7/cc9f16fd0f3b5fddcbd7ec3d6ae30c8f3fde1047f32a4093a98d633c6570/ruff-0.15.12-py3-none-musllinux_1_2_i686.whl", hash = "sha256:01da3988d225628b709493d7dc67c3b9b12c0210016b08690ef9bd27970b262b", size = 10953498, upload-time = "2026-04-24T18:17:20.674Z" },
    { url = "https://files.pythonhosted.org/packages/72/7a/a9ba7f98c7a575978698f4230c5e8cc54bbc761af34f560818f933dafa0c/ruff-0.15.12-py3-none-musllinux_1_2_x86_64.whl", hash = "sha256:9cae0f92bd5700d1213188b31cd3bdd2b315361296d10b96b8e2337d3d11f53e", size = 11447765, upload-time = "2026-04-24T18:17:09.755Z" },
    { url = "https://files.pythonhosted.org/packages/ea/f9/0ae446942c846b8266059ad8a30702a35afae55f5cdc54c5adf8d7afdc27/ruff-0.15.12-py3-none-win32.whl", hash = "sha256:d0185894e038d7043ba8fd6aee7499ece6462dc0ea9f1e260c7451807c714c20", size = 10657277, upload-time = "2026-04-24T18:17:18.591Z" },
    { url = "https://files.pythonhosted.org/packages/33/f1/9614e03e1cdcbf9437570b5400ced8a720b5db22b28d8e0f1bda429f660d/ruff-0.15.12-py3-none-win_amd64.whl", hash = "sha256:c87a162d61ab3adca47c03f7f717c68672edec7d1b5499e652331780fe74950d", size = 11837758, upload-time = "2026-04-24T18:17:00.113Z" },
    { url = "https://files.pythonhosted.org/packages/c0/98/6beb4b351e472e5f4c4613f7c35a5290b8be2497e183825310c4c3a3984b/ruff-0.15.12-py3-none-win_arm64.whl", hash = "sha256:a538f7a82d061cee7be55542aca1d86d1393d55d81d4fcc314370f4340930d4f", size = 11120821, upload-time = "2026-04-24T18:16:57.979Z" },
]
