version = 1
revision = 3
requires-python = ">=3.13"

[options]
exclude-newer = "0001-01-01T00:00:00Z" # This has no effect and is included for backwards compatibility when using relative exclude-newer values.
exclude-newer-span = "P3D"

[[package]]
name = "prek"
version = "0.4.14"
source = { registry = "https://pypi.org/simple" }
sdist = { url = "https://files.pythonhosted.org/packages/cf/51/135dc6ba2c021ce32b40700c8c337db72d802893e15291f4b3056076582f/prek-0.4.14.tar.gz", hash = "sha256:f6d0952e31ffd6e508660749dd51b8d8de96e955ed12c40e411f3224f502fed2", size = 537668, upload-time = "2026-08-17T04:27:55.031Z" }
wheels = [
    { url = "https://files.pythonhosted.org/packages/9d/75/727724174d419cab6e11e0c22c3fbcdd083312b0a0202dfa6befdb7f1bcb/prek-0.4.14-py3-none-linux_armv6l.whl", hash = "sha256:cf7fe2e07c99948ca3326fbd4254054cf4caa71a69cf9032be09c3938544e1e3", size = 5878406, upload-time = "2026-08-17T04:27:30.135Z" },
    { url = "https://files.pythonhosted.org/packages/34/b6/82dfb41347342b4c53c1ddd27cfa81d3e1cf4ad0d5d76493c51e8da58dc9/prek-0.4.14-py3-none-macosx_10_12_x86_64.whl", hash = "sha256:6c8043aa5555c2ada561f4c69429e5117f370ad92f7d708340613b0965e725bd", size = 6216669, upload-time = "2026-08-17T04:27:31.795Z" },
    { url = "https://files.pythonhosted.org/packages/5b/68/ade0ba8b8c0044a3f7ca1a5cd7c97bc10656398c67466b04235f0f0b7418/prek-0.4.14-py3-none-macosx_11_0_arm64.whl", hash = "sha256:355570f0d8366a56817e55f44edf736ffc9ff2323894e21cd739ab519d343541", size = 5728085, upload-time = "2026-08-17T04:27:33.322Z" },
    { url = "https://files.pythonhosted.org/packages/a0/cc/8ddb67fb000d1ad4c95288e6c7e27989d3c172cd88893e3a6f9cdd7199fb/prek-0.4.14-py3-none-manylinux_2_17_aarch64.manylinux2014_aarch64.musllinux_1_1_aarch64.whl", hash = "sha256:334f48a2b19e63c5ab741e601cb6088caaa11d1b75146900dc298b055452d551", size = 6043650, upload-time = "2026-08-17T04:27:34.699Z" },
    { url = "https://files.pythonhosted.org/packages/5b/49/2780489798147fa1e81fa017af384a40229802cf36680cf72c74478d143c/prek-0.4.14-py3-none-manylinux_2_17_armv7l.manylinux2014_armv7l.whl", hash = "sha256:5fbb17270df2dcb3c1aa6edfaa68f850d7968862413e58b1572e41c981f644f9", size = 5786094, upload-time = "2026-08-17T04:27:36.282Z" },
    { url = "https://files.pythonhosted.org/packages/6a/2a/27a4cdfa767b46663eb32a2b5f78ebaaeefc6e5caa87a21587216a504e31/prek-0.4.14-py3-none-manylinux_2_17_i686.manylinux2014_i686.whl", hash = "sha256:8ec46be0b1b45943a0746fdf69feeede274b0230bad32b11e2489bb600846081", size = 6239874, upload-time = "2026-08-17T04:27:37.984Z" },
    { url = "https://files.pythonhosted.org/packages/e0/ca/5ae58d95bc9dbad75ea13aea83fe0acfaca37d027c6bd7f9f1d1d97f3666/prek-0.4.14-py3-none-manylinux_2_17_s390x.manylinux2014_s390x.whl", hash = "sha256:a21eea6ee996dbba351c1af8c6bd1959a61c37949757c0b97aef3edde82c126a", size = 6968009, upload-time = "2026-08-17T04:27:39.48Z" },
    { url = "https://files.pythonhosted.org/packages/bb/1c/c6a7800406f987559fc8e7c2cfd257a5a68096e806e953f143b488e00e4f/prek-0.4.14-py3-none-manylinux_2_17_x86_64.manylinux2014_x86_64.whl", hash = "sha256:34169cb1c8dfbe4b9cb7af164f5c1c3dff68929c61ca1e1de28d378b32720836", size = 6443370, upload-time = "2026-08-17T04:27:41.181Z" },
    { url = "https://files.pythonhosted.org/packages/92/38/4bf84223216ce2d31b500691d1644a9f35d6e468cb8ecb9a7dfbc66bc82c/prek-0.4.14-py3-none-manylinux_2_28_aarch64.whl", hash = "sha256:e39772ebf579f957fdbbc66ef6a7f7433bf603128cd60d5c804c70caac5f69c0", size = 6056449, upload-time = "2026-08-17T04:27:42.722Z" },
    { url = "https://files.pythonhosted.org/packages/75/0a/f1980039ab7bf8342c4aa4da2a4cafe40e6a840f456d5bbf86ba024fcdca/prek-0.4.14-py3-none-manylinux_2_31_riscv64.whl", hash = "sha256:a79e5940354a789e1311172a960c5daa75e3f643a47ee2be85b7d2ca1d7d980a", size = 5839941, upload-time = "2026-08-17T04:27:44.306Z" },
    { url = "https://files.pythonhosted.org/packages/f1/e2/67f067dcb912e157bc7f4cd2aeb422a0de65e7744c675d7f439676f6c832/prek-0.4.14-py3-none-musllinux_1_1_armv7l.whl", hash = "sha256:60b6539c1b28804807849173a6b49d467f6f36ca98bbb4536f5e34114d79942a", size = 5762723, upload-time = "2026-08-17T04:27:45.737Z" },
    { url = "https://files.pythonhosted.org/packages/84/39/6669fff5c3336a2b79cf853c86b95547cf9be720a2ee7e4ae5eaa6cb46a1/prek-0.4.14-py3-none-musllinux_1_1_i686.whl", hash = "sha256:24cfabd9e5b8c5546ecaef562841a41a255a9dec1b7ae7761ce5a7a024ab9dd9", size = 6090040, upload-time = "2026-08-17T04:27:47.185Z" },
    { url = "https://files.pythonhosted.org/packages/2a/23/c23210be4c89795a854e76146c2465aaffc3d85ea83df61c1d4d5bb41bca/prek-0.4.14-py3-none-musllinux_1_1_x86_64.whl", hash = "sha256:1f08d368da45439f949885bb0b637bc7dfe6910140d5285fa8bae058697ddd06", size = 6570273, upload-time = "2026-08-17T04:27:48.673Z" },
    { url = "https://files.pythonhosted.org/packages/00/9c/4f10728ed36295347e84f01bb3e4c9078c9e337edc66215f5e2066b30551/prek-0.4.14-py3-none-win32.whl", hash = "sha256:5bfb30808ce2099c67d2a2d4cd68dc031e3fec1eeb61d73ef51a8f7c04d021cb", size = 5586715, upload-time = "2026-08-17T04:27:50.471Z" },
    { url = "https://files.pythonhosted.org/packages/4f/a7/d080a157d4e92927f7618d62d6a23979ef64a10c76a040cb8a8a194c50d7/prek-0.4.14-py3-none-win_amd64.whl", hash = "sha256:29364012d5704475d1092eb8a96ea30b163279096ad5e0c80a620fffa79bc639", size = 5969946, upload-time = "2026-08-17T04:27:51.971Z" },
    { url = "https://files.pythonhosted.org/packages/37/e1/6fc64bb82e7270f61707e00b6d3154a4592ae0b2d3bd308173aa7aabe0a1/prek-0.4.14-py3-none-win_arm64.whl", hash = "sha256:ff588c02e10c8d05150763607671a22d5585c0ff7036c884d3489c2726eb215c", size = 5729906, upload-time = "2026-08-17T04:27:53.52Z" },
]

[[package]]
name = "project-name"
version = "0.1.0"
source = { virtual = "." }

[package.dev-dependencies]
dev = [
    { name = "prek" },
    { name = "ruff" },
]
lint = [
    { name = "ruff" },
]

[package.metadata]

[package.metadata.requires-dev]
dev = [
    { name = "prek", specifier = ">=0.3.0" },
    { name = "ruff", specifier = "==0.16.0" },
]
lint = [{ name = "ruff", specifier = "==0.16.0" }]

[[package]]
name = "ruff"
version = "0.16.0"
source = { registry = "https://pypi.org/simple" }
sdist = { url = "https://files.pythonhosted.org/packages/4d/94/1e5e4967626faf12fa56999cd6222dff6992ceb086ad7945756baf70c7a7/ruff-0.16.0.tar.gz", hash = "sha256:e460aafd5495ec89efaa6ced2e4a9a581116451e1c88b9d37ef497e0f8e93982", size = 4790557, upload-time = "2026-07-23T19:11:30.981Z" }
wheels = [
    { url = "https://files.pythonhosted.org/packages/4b/81/1c8818fee7ce1a04cd7d1b3172e0a8f8e4f1dc4feb7fc390e16daa8af323/ruff-0.16.0-py3-none-linux_armv6l.whl", hash = "sha256:e5115729eb08c585e5121978ba5d5b60caeae394ce21b9fb5e6cd33a1c6c9b1e", size = 10754633, upload-time = "2026-07-23T19:10:46.415Z" },
    { url = "https://files.pythonhosted.org/packages/23/df/beaf59c09d68db84304d555f188b276a77132a5d5b0b67a5c762aa143628/ruff-0.16.0-py3-none-macosx_10_12_x86_64.whl", hash = "sha256:3c954b1d580bfa035b41654f7858cc7e71d5fc3ac5b723dd62bd9133830ed522", size = 10969164, upload-time = "2026-07-23T19:10:50.271Z" },
    { url = "https://files.pythonhosted.org/packages/42/ce/741cd197496a1abbf51352710fd15ed995d2a2be87189c1da26a450d6e83/ruff-0.16.0-py3-none-macosx_11_0_arm64.whl", hash = "sha256:e01c21d10eb1b29f47b7454e1f4056db9a3f0260c646aa88457c610291db9f81", size = 10488846, upload-time = "2026-07-23T19:10:52.639Z" },
    { url = "https://files.pythonhosted.org/packages/52/2a/a2db8e88cade358f5cdcb05674a917751074109315d014eb6352d9a893f7/ruff-0.16.0-py3-none-manylinux_2_17_aarch64.manylinux2014_aarch64.whl", hash = "sha256:6e364e5ed22ed8dc05082fd78e35308618260907ac2d3c1d637b2e682415b6c9", size = 10889729, upload-time = "2026-07-23T19:10:54.89Z" },
    { url = "https://files.pythonhosted.org/packages/42/65/62a771694ebd63029dc953e27dbad40e1588bd4860ff9fe881018fddaa49/ruff-0.16.0-py3-none-manylinux_2_17_armv7l.manylinux2014_armv7l.whl", hash = "sha256:d327b8fc113a1d4421a04f3839d3752057c8dd1ee320223a6f3f52d04ada462a", size = 10568275, upload-time = "2026-07-23T19:10:56.993Z" },
    { url = "https://files.pythonhosted.org/packages/3f/e2/ced249fe8af5f086c5c58cc21cc3356d50f32f7401c5df87050c999620a7/ruff-0.16.0-py3-none-manylinux_2_17_i686.manylinux2014_i686.whl", hash = "sha256:a9b50c55e263103586b3dcf5f73d479eb8cb5fdb6098fec59a62891dab653717", size = 11385112, upload-time = "2026-07-23T19:10:59.615Z" },
    { url = "https://files.pythonhosted.org/packages/87/0b/05154977a8fd69eeb6c103271f55403bfd8711f5c0f8ed07489d95a504e7/ruff-0.16.0-py3-none-manylinux_2_17_ppc64le.manylinux2014_ppc64le.whl", hash = "sha256:0ff4a79ce3ec0172f3241943835de1c4cb4e2dcd07f0f8c2d02603dbbbee4b17", size = 12207008, upload-time = "2026-07-23T19:11:02.154Z" },
    { url = "https://files.pythonhosted.org/packages/fb/29/98225831a3a1eab0e02f4acc6ca6559a98611dcc68b6965ff4b7234627c1/ruff-0.16.0-py3-none-manylinux_2_17_s390x.manylinux2014_s390x.whl", hash = "sha256:e95c448fca1fb2a18372a9440926c5a6ee789639bb975c72e7ae6d0b04218ab4", size = 11650842, upload-time = "2026-07-23T19:11:04.557Z" },
    { url = "https://files.pythonhosted.org/packages/91/66/6bd3cf90500653d55dc0ffc8507aa8300bd49d0214b2e8cb4d3fef2943ba/ruff-0.16.0-py3-none-manylinux_2_17_x86_64.manylinux2014_x86_64.whl", hash = "sha256:4f11a8d11010301d0a398a2fdef67691feca7294da6aef55e2150e8fa2cd520b", size = 11400718, upload-time = "2026-07-23T19:11:09.233Z" },
    { url = "https://files.pythonhosted.org/packages/8e/a2/a54eb4eae05d66364050a5d3b8a9c5ef88196531b3cbe7109d873f87f819/ruff-0.16.0-py3-none-manylinux_2_31_riscv64.whl", hash = "sha256:48044c678e9cb8698246c99b14aaccfa6601dea7379eb48a6f8f73f7a6d86cd0", size = 11426177, upload-time = "2026-07-23T19:11:11.994Z" },
    { url = "https://files.pythonhosted.org/packages/1a/be/16e3eea4b2a478a496919f5e36f17c4559e54620bd3bbac5d6affa068006/ruff-0.16.0-py3-none-musllinux_1_2_aarch64.whl", hash = "sha256:7aa0959bad8eb8bef50340154fc9b58678dae31fa4293afa38b44b6e552c0213", size = 10856126, upload-time = "2026-07-23T19:11:14.221Z" },
    { url = "https://files.pythonhosted.org/packages/a2/84/252eb8b868a16eec7257c14f504f77537e734b2d69c762e639e588e304a3/ruff-0.16.0-py3-none-musllinux_1_2_armv7l.whl", hash = "sha256:28ea2b7df8ebf7f9da6b7d47b230ab48f387c0a29be3b474c4d0740e197bb9af", size = 10571208, upload-time = "2026-07-23T19:11:16.378Z" },
    { url = "https://files.pythonhosted.org/packages/21/09/817a482f542f7570cbb4554b26e896610c7114f539b1d9e2d2145bf6bef6/ruff-0.16.0-py3-none-musllinux_1_2_i686.whl", hash = "sha256:33a3dfac8c35f81498dea9181bccc2f4c4bc8f1521a1dd9406e77643e0f0fb09", size = 11063329, upload-time = "2026-07-23T19:11:19.173Z" },
    { url = "https://files.pythonhosted.org/packages/2e/23/9403c180ca1cb9b1f7335f5c3e5305c09d49ea5b345196682a36028bde4a/ruff-0.16.0-py3-none-musllinux_1_2_x86_64.whl", hash = "sha256:a5237a0bda500d30d81b8e07a6973a5cbc772864cbf746ae2f4e8a2e01c9f4ed", size = 11489751, upload-time = "2026-07-23T19:11:21.74Z" },
    { url = "https://files.pythonhosted.org/packages/b2/1d/1b2ef7bcde851c78d7f17f1cca13fd6dc695fc4b3d6197941e72cae5b132/ruff-0.16.0-py3-none-win32.whl", hash = "sha256:7fab76fa065c873f41ff744347c6e77bcc3dfec4bcc754dc26b63d23c0f7f5fb", size = 10785885, upload-time = "2026-07-23T19:11:23.947Z" },
    { url = "https://files.pythonhosted.org/packages/b2/a3/d5e4ef7a56be3f928ffb90b94c25ba7d3cb9c7fe0736aeaaedf361770712/ruff-0.16.0-py3-none-win_amd64.whl", hash = "sha256:429c117f022bf481fabd9d551e7a3952b24c65e6ef44337ea09d90bebef14472", size = 11923141, upload-time = "2026-07-23T19:11:26.409Z" },
    { url = "https://files.pythonhosted.org/packages/cb/9a/8415f2657cbe200f41a4531ccededf135505a92d4a012229121f885b26f9/ruff-0.16.0-py3-none-win_arm64.whl", hash = "sha256:14296fedcd2705c77ab8235439278bbb38f285cf7da5528b00b3e330c3d4872d", size = 11273407, upload-time = "2026-07-23T19:11:28.705Z" },
]
