version = 1
revision = 3
requires-python = ">=3.13"

[options]
exclude-newer = "0001-01-01T00:00:00Z" # This has no effect and is included for backwards compatibility when using relative exclude-newer values.
exclude-newer-span = "P3D"

[[package]]
name = "prek"
version = "0.4.6"
source = { registry = "https://pypi.org/simple" }
sdist = { url = "https://files.pythonhosted.org/packages/6e/90/e1c82c50f99b1a42a96f02aa8cc8304e8efe64db5f5290a800360387055c/prek-0.4.6.tar.gz", hash = "sha256:0173732cfdbd4d47c1dcd594767612ac46f1c1ba637d6d634cf745eb2f39c4a6", size = 492207, upload-time = "2026-07-01T03:27:55.108Z" }
wheels = [
    { url = "https://files.pythonhosted.org/packages/d5/a7/61ef540c2c7d37c0f92f7cc3c070b4a6b49220a569aff5590e27ff897334/prek-0.4.6-py3-none-linux_armv6l.whl", hash = "sha256:fd7711bd41146a868356bce65687e96cc33b15875558f75e9d9cc4dffe71cb20", size = 5655603, upload-time = "2026-07-01T03:27:21.321Z" },
    { url = "https://files.pythonhosted.org/packages/9f/10/190b586bf4171a74512a91ad2ab118b46885320c826451cc371bd1ae4b5a/prek-0.4.6-py3-none-macosx_10_12_x86_64.whl", hash = "sha256:a2260c17793f563f7d14c8578528dfc41d077c6b360bdd7b92cb1b120a921406", size = 6017876, upload-time = "2026-07-01T03:27:24.149Z" },
    { url = "https://files.pythonhosted.org/packages/e2/80/cc56023ce6e4dec6a2fe47d071a566ebdd96b965cf9fa7787cdee8e03dc5/prek-0.4.6-py3-none-macosx_11_0_arm64.whl", hash = "sha256:6c6b64f482764523d1b61f5ddd29384df4b395e84741fdf1af4c146e1556e710", size = 5566630, upload-time = "2026-07-01T03:27:26.095Z" },
    { url = "https://files.pythonhosted.org/packages/21/8b/9300a0c4db0f2b354519aeebd7bc31d3f6a72836f89dbdbd21a82844393a/prek-0.4.6-py3-none-manylinux_2_17_aarch64.manylinux2014_aarch64.musllinux_1_1_aarch64.whl", hash = "sha256:19a1f4a36ad736bb844f7d6166cd8f266bfd3b945193f080a2810fe8e36f51ac", size = 5839531, upload-time = "2026-07-01T03:27:28.009Z" },
    { url = "https://files.pythonhosted.org/packages/07/75/9b5625d3ee8f27e102af0d907ab7b8c4e4242d2b364db61392b3d0a75afd/prek-0.4.6-py3-none-manylinux_2_17_armv7l.manylinux2014_armv7l.whl", hash = "sha256:bd249e6e077e08279233aa5e59b4dcb9f7e1283d4a22c5a522a01764d540838c", size = 5566408, upload-time = "2026-07-01T03:27:30.105Z" },
    { url = "https://files.pythonhosted.org/packages/ff/0e/3c742f0aa5d564dca31b341b8f519578b5fcc52762a277c61e0df303fb6c/prek-0.4.6-py3-none-manylinux_2_17_i686.manylinux2014_i686.whl", hash = "sha256:302f0e262ecde9dcd942e74b52e6cf300baf1e277373bae727f107ad58d3dccc", size = 5963887, upload-time = "2026-07-01T03:27:32.633Z" },
    { url = "https://files.pythonhosted.org/packages/7a/09/94cde2c3aa9f16520939deadff83282363847174d034f95682543bf1530b/prek-0.4.6-py3-none-manylinux_2_17_s390x.manylinux2014_s390x.whl", hash = "sha256:e7a4294cbf828d8c44dba3375f8c2a95bef540a37217f8e7894eb46813b0a52c", size = 6741919, upload-time = "2026-07-01T03:27:34.556Z" },
    { url = "https://files.pythonhosted.org/packages/91/79/8204757f8e6be7464b36e9a33aea3fcde280830aadd72bc24f940b138fda/prek-0.4.6-py3-none-manylinux_2_17_x86_64.manylinux2014_x86_64.whl", hash = "sha256:94be5bf0ab55ccd662d921a50a266454c1d2b636cbd58906ab0cd0d54cfc6c7e", size = 6230066, upload-time = "2026-07-01T03:27:36.636Z" },
    { url = "https://files.pythonhosted.org/packages/f5/17/e9003e1fed5d91fce26786fbea2a405d3438310d574d5e3fa145bf860c8f/prek-0.4.6-py3-none-manylinux_2_28_aarch64.whl", hash = "sha256:01d7ef6e404e233bf34e2c1f841a502061e64cd986d72ba72424a7dbc6356f5f", size = 5843435, upload-time = "2026-07-01T03:27:39.707Z" },
    { url = "https://files.pythonhosted.org/packages/b2/86/b1b3abc2a0638a637fc756f1032672776d30b0809e82b20aaafdde749306/prek-0.4.6-py3-none-manylinux_2_31_riscv64.whl", hash = "sha256:ea204b6e47d8559fbf54a5dc4dd90f930a57f5ec36ba88466302e61e17c25815", size = 5708008, upload-time = "2026-07-01T03:27:41.677Z" },
    { url = "https://files.pythonhosted.org/packages/b7/59/d43be79bea11d99bea07c4f47b9bf9ae1269923fa4646739bbf68cf81c1c/prek-0.4.6-py3-none-musllinux_1_1_armv7l.whl", hash = "sha256:767363e86d428628e447e441448807cdfb7a7e4d71de644160f20236dc10eff8", size = 5539699, upload-time = "2026-07-01T03:27:43.707Z" },
    { url = "https://files.pythonhosted.org/packages/38/19/0fa6f8f761e185eb33e1b2b1d8214554f5a9e2925cd3f74f1a05a149c782/prek-0.4.6-py3-none-musllinux_1_1_i686.whl", hash = "sha256:2b8654ca8273ec1fd7f52a1cca7750998c38f368141ca19f840ea0aaff1ff9e6", size = 5819532, upload-time = "2026-07-01T03:27:45.86Z" },
    { url = "https://files.pythonhosted.org/packages/84/17/53953628a2647fe4f7026fd590136ffdb450583f1a97fbd00ae98404cc5e/prek-0.4.6-py3-none-musllinux_1_1_x86_64.whl", hash = "sha256:24d954a9d34b11c027ee298c5916efa2657189f2329ce59cc9846bf97d5ab74b", size = 6345962, upload-time = "2026-07-01T03:27:47.71Z" },
    { url = "https://files.pythonhosted.org/packages/9b/8e/f9cb05869e87fc4374d42a22fae349c10b5aff40b52d4850f05d8c511600/prek-0.4.6-py3-none-win32.whl", hash = "sha256:66f0f1ab5d36a0127da4d4b69bf0b19fbda51fc8486b58d379fb09e17fe7c0d4", size = 5337026, upload-time = "2026-07-01T03:27:49.713Z" },
    { url = "https://files.pythonhosted.org/packages/ef/04/597b7ac6a90986e7be2bebc9495c1faa51a05403fdefe63bab244d3c7d45/prek-0.4.6-py3-none-win_amd64.whl", hash = "sha256:4959aa66e619b48d4a6d453d0ca59320398e74846c7632898ee990d4e2f6ea8b", size = 5734832, upload-time = "2026-07-01T03:27:51.706Z" },
    { url = "https://files.pythonhosted.org/packages/30/b0/ecdf999cd2c01e972f7db324c39e21296032dd46730083ae7d7d34b15428/prek-0.4.6-py3-none-win_arm64.whl", hash = "sha256:0f3ddbd39e3a1c29be5ef3c02914f1886a556b8c9fe14bca94b40ff906029b17", size = 5568585, upload-time = "2026-07-01T03:27:53.596Z" },
]

[[package]]
name = "project-name"
version = "0.1.0"
source = { virtual = "." }

[package.dev-dependencies]
dev = [
    { name = "prek" },
    { name = "ruff" },
]
lint = [
    { name = "ruff" },
]

[package.metadata]

[package.metadata.requires-dev]
dev = [
    { name = "prek", specifier = ">=0.3.0" },
    { name = "ruff", specifier = ">=0.16" },
]
lint = [{ name = "ruff", specifier = ">=0.16" }]

[[package]]
name = "ruff"
version = "0.16.0"
source = { registry = "https://pypi.org/simple" }
sdist = { url = "https://files.pythonhosted.org/packages/4d/94/1e5e4967626faf12fa56999cd6222dff6992ceb086ad7945756baf70c7a7/ruff-0.16.0.tar.gz", hash = "sha256:e460aafd5495ec89efaa6ced2e4a9a581116451e1c88b9d37ef497e0f8e93982", size = 4790557, upload-time = "2026-07-23T19:11:30.981Z" }
wheels = [
    { url = "https://files.pythonhosted.org/packages/4b/81/1c8818fee7ce1a04cd7d1b3172e0a8f8e4f1dc4feb7fc390e16daa8af323/ruff-0.16.0-py3-none-linux_armv6l.whl", hash = "sha256:e5115729eb08c585e5121978ba5d5b60caeae394ce21b9fb5e6cd33a1c6c9b1e", size = 10754633, upload-time = "2026-07-23T19:10:46.415Z" },
    { url = "https://files.pythonhosted.org/packages/23/df/beaf59c09d68db84304d555f188b276a77132a5d5b0b67a5c762aa143628/ruff-0.16.0-py3-none-macosx_10_12_x86_64.whl", hash = "sha256:3c954b1d580bfa035b41654f7858cc7e71d5fc3ac5b723dd62bd9133830ed522", size = 10969164, upload-time = "2026-07-23T19:10:50.271Z" },
    { url = "https://files.pythonhosted.org/packages/42/ce/741cd197496a1abbf51352710fd15ed995d2a2be87189c1da26a450d6e83/ruff-0.16.0-py3-none-macosx_11_0_arm64.whl", hash = "sha256:e01c21d10eb1b29f47b7454e1f4056db9a3f0260c646aa88457c610291db9f81", size = 10488846, upload-time = "2026-07-23T19:10:52.639Z" },
    { url = "https://files.pythonhosted.org/packages/52/2a/a2db8e88cade358f5cdcb05674a917751074109315d014eb6352d9a893f7/ruff-0.16.0-py3-none-manylinux_2_17_aarch64.manylinux2014_aarch64.whl", hash = "sha256:6e364e5ed22ed8dc05082fd78e35308618260907ac2d3c1d637b2e682415b6c9", size = 10889729, upload-time = "2026-07-23T19:10:54.89Z" },
    { url = "https://files.pythonhosted.org/packages/42/65/62a771694ebd63029dc953e27dbad40e1588bd4860ff9fe881018fddaa49/ruff-0.16.0-py3-none-manylinux_2_17_armv7l.manylinux2014_armv7l.whl", hash = "sha256:d327b8fc113a1d4421a04f3839d3752057c8dd1ee320223a6f3f52d04ada462a", size = 10568275, upload-time = "2026-07-23T19:10:56.993Z" },
    { url = "https://files.pythonhosted.org/packages/3f/e2/ced249fe8af5f086c5c58cc21cc3356d50f32f7401c5df87050c999620a7/ruff-0.16.0-py3-none-manylinux_2_17_i686.manylinux2014_i686.whl", hash = "sha256:a9b50c55e263103586b3dcf5f73d479eb8cb5fdb6098fec59a62891dab653717", size = 11385112, upload-time = "2026-07-23T19:10:59.615Z" },
    { url = "https://files.pythonhosted.org/packages/87/0b/05154977a8fd69eeb6c103271f55403bfd8711f5c0f8ed07489d95a504e7/ruff-0.16.0-py3-none-manylinux_2_17_ppc64le.manylinux2014_ppc64le.whl", hash = "sha256:0ff4a79ce3ec0172f3241943835de1c4cb4e2dcd07f0f8c2d02603dbbbee4b17", size = 12207008, upload-time = "2026-07-23T19:11:02.154Z" },
    { url = "https://files.pythonhosted.org/packages/fb/29/98225831a3a1eab0e02f4acc6ca6559a98611dcc68b6965ff4b7234627c1/ruff-0.16.0-py3-none-manylinux_2_17_s390x.manylinux2014_s390x.whl", hash = "sha256:e95c448fca1fb2a18372a9440926c5a6ee789639bb975c72e7ae6d0b04218ab4", size = 11650842, upload-time = "2026-07-23T19:11:04.557Z" },
    { url = "https://files.pythonhosted.org/packages/91/66/6bd3cf90500653d55dc0ffc8507aa8300bd49d0214b2e8cb4d3fef2943ba/ruff-0.16.0-py3-none-manylinux_2_17_x86_64.manylinux2014_x86_64.whl", hash = "sha256:4f11a8d11010301d0a398a2fdef67691feca7294da6aef55e2150e8fa2cd520b", size = 11400718, upload-time = "2026-07-23T19:11:09.233Z" },
    { url = "https://files.pythonhosted.org/packages/8e/a2/a54eb4eae05d66364050a5d3b8a9c5ef88196531b3cbe7109d873f87f819/ruff-0.16.0-py3-none-manylinux_2_31_riscv64.whl", hash = "sha256:48044c678e9cb8698246c99b14aaccfa6601dea7379eb48a6f8f73f7a6d86cd0", size = 11426177, upload-time = "2026-07-23T19:11:11.994Z" },
    { url = "https://files.pythonhosted.org/packages/1a/be/16e3eea4b2a478a496919f5e36f17c4559e54620bd3bbac5d6affa068006/ruff-0.16.0-py3-none-musllinux_1_2_aarch64.whl", hash = "sha256:7aa0959bad8eb8bef50340154fc9b58678dae31fa4293afa38b44b6e552c0213", size = 10856126, upload-time = "2026-07-23T19:11:14.221Z" },
    { url = "https://files.pythonhosted.org/packages/a2/84/252eb8b868a16eec7257c14f504f77537e734b2d69c762e639e588e304a3/ruff-0.16.0-py3-none-musllinux_1_2_armv7l.whl", hash = "sha256:28ea2b7df8ebf7f9da6b7d47b230ab48f387c0a29be3b474c4d0740e197bb9af", size = 10571208, upload-time = "2026-07-23T19:11:16.378Z" },
    { url = "https://files.pythonhosted.org/packages/21/09/817a482f542f7570cbb4554b26e896610c7114f539b1d9e2d2145bf6bef6/ruff-0.16.0-py3-none-musllinux_1_2_i686.whl", hash = "sha256:33a3dfac8c35f81498dea9181bccc2f4c4bc8f1521a1dd9406e77643e0f0fb09", size = 11063329, upload-time = "2026-07-23T19:11:19.173Z" },
    { url = "https://files.pythonhosted.org/packages/2e/23/9403c180ca1cb9b1f7335f5c3e5305c09d49ea5b345196682a36028bde4a/ruff-0.16.0-py3-none-musllinux_1_2_x86_64.whl", hash = "sha256:a5237a0bda500d30d81b8e07a6973a5cbc772864cbf746ae2f4e8a2e01c9f4ed", size = 11489751, upload-time = "2026-07-23T19:11:21.74Z" },
    { url = "https://files.pythonhosted.org/packages/b2/1d/1b2ef7bcde851c78d7f17f1cca13fd6dc695fc4b3d6197941e72cae5b132/ruff-0.16.0-py3-none-win32.whl", hash = "sha256:7fab76fa065c873f41ff744347c6e77bcc3dfec4bcc754dc26b63d23c0f7f5fb", size = 10785885, upload-time = "2026-07-23T19:11:23.947Z" },
    { url = "https://files.pythonhosted.org/packages/b2/a3/d5e4ef7a56be3f928ffb90b94c25ba7d3cb9c7fe0736aeaaedf361770712/ruff-0.16.0-py3-none-win_amd64.whl", hash = "sha256:429c117f022bf481fabd9d551e7a3952b24c65e6ef44337ea09d90bebef14472", size = 11923141, upload-time = "2026-07-23T19:11:26.409Z" },
    { url = "https://files.pythonhosted.org/packages/cb/9a/8415f2657cbe200f41a4531ccededf135505a92d4a012229121f885b26f9/ruff-0.16.0-py3-none-win_arm64.whl", hash = "sha256:14296fedcd2705c77ab8235439278bbb38f285cf7da5528b00b3e330c3d4872d", size = 11273407, upload-time = "2026-07-23T19:11:28.705Z" },
]
